
Microsoft Visual Studio Solution File, Format Version 12.00
# Visual Studio Version 16
VisualStudioVersion = 16.0.30406.217
MinimumVisualStudioVersion = 10.0.40219.1
Project("{2150E333-8FDC-42A3-9474-1A3956D46DE8}") = "src", "src", "{95F3A6DD-B421-441D-B263-1B34A1465FF5}"
ProjectSection(SolutionItems) = preProject
	README.md = README.md
	LICENSE = LICENSE
EndProjectSection
EndProject
Project("{9A19103F-16F7-4668-BE54-9A1E7A4F7556}") = "KubeOps", "src\KubeOps\KubeOps.csproj", "{D7AB6CB9-94B6-4FEB-B7D8-D8AA793BD2A4}"
EndProject
Project("{2150E333-8FDC-42A3-9474-1A3956D46DE8}") = "tests", "tests", "{50E9B964-68F7-4B9F-BEA8-165CE45BC5C6}"
EndProject
Project("{9A19103F-16F7-4668-BE54-9A1E7A4F7556}") = "KubeOps.Test", "tests\KubeOps.Test\KubeOps.Test.csproj", "{A33D30D0-AC1B-48F8-8A5A-36E569981793}"
EndProject
Project("{9A19103F-16F7-4668-BE54-9A1E7A4F7556}") = "KubeOps.TestOperator", "tests\KubeOps.TestOperator\KubeOps.TestOperator.csproj", "{751BDC14-D75F-4DDE-9C45-2432041FBCAC}"
EndProject
Project("{9A19103F-16F7-4668-BE54-9A1E7A4F7556}") = "KubeOps.TestOperator.Test", "tests\KubeOps.TestOperator.Test\KubeOps.TestOperator.Test.csproj", "{B374D7E4-E9BA-47F8-B1A4-440DECD376E4}"
EndProject
Project("{2150E333-8FDC-42A3-9474-1A3956D46DE8}") = "config", "config", "{EF94C48A-1D2A-459B-B397-A130463FF52D}"
ProjectSection(SolutionItems) = preProject
	config\CodeAnalysis.targets = config\CodeAnalysis.targets
	config\Common.targets = config\Common.targets
	config\project.ruleset = config\project.ruleset
	config\stylecop.json = config\stylecop.json
	.gitignore = .gitignore
	.releaserc.json = .releaserc.json
	renovate.json = renovate.json
	config\CommonTests.targets = config\CommonTests.targets
EndProjectSection
EndProject
Project("{FAE04EC0-301F-11D3-BF4B-00C04F79EFBC}") = "KubeOps.Testing", "src\KubeOps.Testing\KubeOps.Testing.csproj", "{4A6D1BEB-CB4C-495A-A20D-D8728F6BBC93}"
EndProject
Project("{FAE04EC0-301F-11D3-BF4B-00C04F79EFBC}") = "KubeOps.Templates", "src\KubeOps.Templates\KubeOps.Templates.csproj", "{210EF3DD-151D-4547-9A35-39C97B887CD0}"
EndProject
Project("{FAE04EC0-301F-11D3-BF4B-00C04F79EFBC}") = "KubeOps.Templates.Test", "tests\KubeOps.Templates.Test\KubeOps.Templates.Test.csproj", "{B88CFB69-709B-4B7D-A1F6-BD8200609770}"
EndProject
Project("{FAE04EC0-301F-11D3-BF4B-00C04F79EFBC}") = "KubeOps.KubernetesClient", "src\KubeOps.KubernetesClient\KubeOps.KubernetesClient.csproj", "{8211BC96-6BA7-480E-8B30-4DA107FF404A}"
EndProject
Project("{FAE04EC0-301F-11D3-BF4B-00C04F79EFBC}") = "KubeOps.KubernetesClient.Test", "tests\KubeOps.KubernetesClient.Test\KubeOps.KubernetesClient.Test.csproj", "{B9E58CCE-51CC-43A1-B490-01F750B5475E}"
EndProject
Global
	GlobalSection(SolutionConfigurationPlatforms) = preSolution
		Debug|Any CPU = Debug|Any CPU
		Release|Any CPU = Release|Any CPU
	EndGlobalSection
	GlobalSection(ProjectConfigurationPlatforms) = postSolution
		{D7AB6CB9-94B6-4FEB-B7D8-D8AA793BD2A4}.Debug|Any CPU.ActiveCfg = Debug|Any CPU
		{D7AB6CB9-94B6-4FEB-B7D8-D8AA793BD2A4}.Debug|Any CPU.Build.0 = Debug|Any CPU
		{D7AB6CB9-94B6-4FEB-B7D8-D8AA793BD2A4}.Release|Any CPU.ActiveCfg = Release|Any CPU
		{D7AB6CB9-94B6-4FEB-B7D8-D8AA793BD2A4}.Release|Any CPU.Build.0 = Release|Any CPU
		{A33D30D0-AC1B-48F8-8A5A-36E569981793}.Debug|Any CPU.ActiveCfg = Debug|Any CPU
		{A33D30D0-AC1B-48F8-8A5A-36E569981793}.Debug|Any CPU.Build.0 = Debug|Any CPU
		{A33D30D0-AC1B-48F8-8A5A-36E569981793}.Release|Any CPU.ActiveCfg = Release|Any CPU
		{A33D30D0-AC1B-48F8-8A5A-36E569981793}.Release|Any CPU.Build.0 = Release|Any CPU
		{751BDC14-D75F-4DDE-9C45-2432041FBCAC}.Debug|Any CPU.ActiveCfg = Debug|Any CPU
		{751BDC14-D75F-4DDE-9C45-2432041FBCAC}.Debug|Any CPU.Build.0 = Debug|Any CPU
		{751BDC14-D75F-4DDE-9C45-2432041FBCAC}.Release|Any CPU.ActiveCfg = Release|Any CPU
		{751BDC14-D75F-4DDE-9C45-2432041FBCAC}.Release|Any CPU.Build.0 = Release|Any CPU
		{B374D7E4-E9BA-47F8-B1A4-440DECD376E4}.Debug|Any CPU.ActiveCfg = Debug|Any CPU
		{B374D7E4-E9BA-47F8-B1A4-440DECD376E4}.Debug|Any CPU.Build.0 = Debug|Any CPU
		{B374D7E4-E9BA-47F8-B1A4-440DECD376E4}.Release|Any CPU.ActiveCfg = Release|Any CPU
		{B374D7E4-E9BA-47F8-B1A4-440DECD376E4}.Release|Any CPU.Build.0 = Release|Any CPU
		{4A6D1BEB-CB4C-495A-A20D-D8728F6BBC93}.Debug|Any CPU.ActiveCfg = Debug|Any CPU
		{4A6D1BEB-CB4C-495A-A20D-D8728F6BBC93}.Debug|Any CPU.Build.0 = Debug|Any CPU
		{4A6D1BEB-CB4C-495A-A20D-D8728F6BBC93}.Release|Any CPU.ActiveCfg = Release|Any CPU
		{4A6D1BEB-CB4C-495A-A20D-D8728F6BBC93}.Release|Any CPU.Build.0 = Release|Any CPU
		{210EF3DD-151D-4547-9A35-39C97B887CD0}.Debug|Any CPU.ActiveCfg = Debug|Any CPU
		{210EF3DD-151D-4547-9A35-39C97B887CD0}.Debug|Any CPU.Build.0 = Debug|Any CPU
		{210EF3DD-151D-4547-9A35-39C97B887CD0}.Release|Any CPU.ActiveCfg = Release|Any CPU
		{210EF3DD-151D-4547-9A35-39C97B887CD0}.Release|Any CPU.Build.0 = Release|Any CPU
		{B88CFB69-709B-4B7D-A1F6-BD8200609770}.Debug|Any CPU.ActiveCfg = Debug|Any CPU
		{B88CFB69-709B-4B7D-A1F6-BD8200609770}.Debug|Any CPU.Build.0 = Debug|Any CPU
		{B88CFB69-709B-4B7D-A1F6-BD8200609770}.Release|Any CPU.ActiveCfg = Release|Any CPU
		{B88CFB69-709B-4B7D-A1F6-BD8200609770}.Release|Any CPU.Build.0 = Release|Any CPU
		{8211BC96-6BA7-480E-8B30-4DA107FF404A}.Debug|Any CPU.ActiveCfg = Debug|Any CPU
		{8211BC96-6BA7-480E-8B30-4DA107FF404A}.Debug|Any CPU.Build.0 = Debug|Any CPU
		{8211BC96-6BA7-480E-8B30-4DA107FF404A}.Release|Any CPU.ActiveCfg = Release|Any CPU
		{8211BC96-6BA7-480E-8B30-4DA107FF404A}.Release|Any CPU.Build.0 = Release|Any CPU
		{B9E58CCE-51CC-43A1-B490-01F750B5475E}.Debug|Any CPU.ActiveCfg = Debug|Any CPU
		{B9E58CCE-51CC-43A1-B490-01F750B5475E}.Debug|Any CPU.Build.0 = Debug|Any CPU
		{B9E58CCE-51CC-43A1-B490-01F750B5475E}.Release|Any CPU.ActiveCfg = Release|Any CPU
		{B9E58CCE-51CC-43A1-B490-01F750B5475E}.Release|Any CPU.Build.0 = Release|Any CPU
	EndGlobalSection
	GlobalSection(SolutionProperties) = preSolution
		HideSolutionNode = FALSE
	EndGlobalSection
	GlobalSection(NestedProjects) = preSolution
		{D7AB6CB9-94B6-4FEB-B7D8-D8AA793BD2A4} = {95F3A6DD-B421-441D-B263-1B34A1465FF5}
		{A33D30D0-AC1B-48F8-8A5A-36E569981793} = {50E9B964-68F7-4B9F-BEA8-165CE45BC5C6}
		{751BDC14-D75F-4DDE-9C45-2432041FBCAC} = {50E9B964-68F7-4B9F-BEA8-165CE45BC5C6}
		{B374D7E4-E9BA-47F8-B1A4-440DECD376E4} = {50E9B964-68F7-4B9F-BEA8-165CE45BC5C6}
		{4A6D1BEB-CB4C-495A-A20D-D8728F6BBC93} = {95F3A6DD-B421-441D-B263-1B34A1465FF5}
		{210EF3DD-151D-4547-9A35-39C97B887CD0} = {95F3A6DD-B421-441D-B263-1B34A1465FF5}
		{B88CFB69-709B-4B7D-A1F6-BD8200609770} = {50E9B964-68F7-4B9F-BEA8-165CE45BC5C6}
		{8211BC96-6BA7-480E-8B30-4DA107FF404A} = {95F3A6DD-B421-441D-B263-1B34A1465FF5}
		{B9E58CCE-51CC-43A1-B490-01F750B5475E} = {50E9B964-68F7-4B9F-BEA8-165CE45BC5C6}
	EndGlobalSection
	GlobalSection(ExtensibilityGlobals) = postSolution
		SolutionGuid = {ADAA5DFB-A7E5-490C-88EF-48D67C715F24}
	EndGlobalSection
EndGlobal
