
Microsoft Visual Studio Solution File, Format Version 12.00
Project("{2150E333-8FDC-42A3-9474-1A3956D46DE8}") = "src", "src", "{95F3A6DD-B421-441D-B263-1B34A1465FF5}"
EndProject
Project("{FAE04EC0-301F-11D3-BF4B-00C04F79EFBC}") = "Dos", "src\Dos\Dos.csproj", "{D7AB6CB9-94B6-4FEB-B7D8-D8AA793BD2A4}"
EndProject
Project("{2150E333-8FDC-42A3-9474-1A3956D46DE8}") = "tests", "tests", "{50E9B964-68F7-4B9F-BEA8-165CE45BC5C6}"
EndProject
Global
	GlobalSection(SolutionConfigurationPlatforms) = preSolution
		Debug|Any CPU = Debug|Any CPU
		Release|Any CPU = Release|Any CPU
	EndGlobalSection
	GlobalSection(ProjectConfigurationPlatforms) = postSolution
		{D7AB6CB9-94B6-4FEB-B7D8-D8AA793BD2A4}.Debug|Any CPU.ActiveCfg = Debug|Any CPU
		{D7AB6CB9-94B6-4FEB-B7D8-D8AA793BD2A4}.Debug|Any CPU.Build.0 = Debug|Any CPU
		{D7AB6CB9-94B6-4FEB-B7D8-D8AA793BD2A4}.Release|Any CPU.ActiveCfg = Release|Any CPU
		{D7AB6CB9-94B6-4FEB-B7D8-D8AA793BD2A4}.Release|Any CPU.Build.0 = Release|Any CPU
	EndGlobalSection
	GlobalSection(NestedProjects) = preSolution
		{D7AB6CB9-94B6-4FEB-B7D8-D8AA793BD2A4} = {95F3A6DD-B421-441D-B263-1B34A1465FF5}
	EndGlobalSection
EndGlobal
