
Microsoft Visual Studio Solution File, Format Version 12.00
# Visual Studio Version 17
VisualStudioVersion = 17.0.31903.59
MinimumVisualStudioVersion = 10.0.40219.1
Project("{2150E333-8FDC-42A3-9474-1A3956D46DE8}") = "test", "test", "{C587731F-8191-4A19-8662-B89A60FE79A1}"
	ProjectSection(SolutionItems) = preProject
		test\Directory.Build.props = test\Directory.Build.props
	EndProjectSection
EndProject
Project("{2150E333-8FDC-42A3-9474-1A3956D46DE8}") = "src", "src", "{4DB01062-6DC5-4028-BB72-C0619C2F5F2E}"
	ProjectSection(SolutionItems) = preProject
		src\Directory.Build.props = src\Directory.Build.props
	EndProjectSection
EndProject
Project("{2150E333-8FDC-42A3-9474-1A3956D46DE8}") = "examples", "examples", "{DC760E69-D0EA-417F-AE38-B12D0B04DE39}"
EndProject
Project("{FAE04EC0-301F-11D3-BF4B-00C04F79EFBC}") = "Operator", "examples\Operator\Operator.csproj", "{E9A0B04E-D90E-4B94-90E0-DD3666B098FF}"
EndProject
Project("{2150E333-8FDC-42A3-9474-1A3956D46DE8}") = "solution", "solution", "{DCC36310-C31F-4BCE-B252-2827A060ED7B}"
	ProjectSection(SolutionItems) = preProject
		.editorconfig = .editorconfig
		.gitignore = .gitignore
		.releaserc.json = .releaserc.json
		renovate.json = renovate.json
		README.md = README.md
		CONTRIBUTING.md = CONTRIBUTING.md
	EndProjectSection
EndProject
Project("{FAE04EC0-301F-11D3-BF4B-00C04F79EFBC}") = "KubeOps.Cli", "src\KubeOps.Cli\KubeOps.Cli.csproj", "{E1521548-7CAD-464D-BFD2-ECFBA3FFC7EF}"
EndProject
Project("{FAE04EC0-301F-11D3-BF4B-00C04F79EFBC}") = "KubeOps.Abstractions", "src\KubeOps.Abstractions\KubeOps.Abstractions.csproj", "{D29A46CF-E494-4365-9BFF-0FF19AD7AA8F}"
EndProject
Project("{FAE04EC0-301F-11D3-BF4B-00C04F79EFBC}") = "KubeOps.Operator", "src\KubeOps.Operator\KubeOps.Operator.csproj", "{94B40118-80EF-4226-912B-CC9AC0B69E59}"
EndProject
Project("{FAE04EC0-301F-11D3-BF4B-00C04F79EFBC}") = "KubeOps.Generator", "src\KubeOps.Generator\KubeOps.Generator.csproj", "{759AE147-D4A4-44E3-914B-6CBB427D6223}"
EndProject
Project("{FAE04EC0-301F-11D3-BF4B-00C04F79EFBC}") = "KubeOps.Cli.Test", "test\KubeOps.Cli.Test\KubeOps.Cli.Test.csproj", "{3725E9BD-5530-4606-9C05-B825F80897E3}"
EndProject
Project("{FAE04EC0-301F-11D3-BF4B-00C04F79EFBC}") = "KubeOps.Operator.Test", "test\KubeOps.Operator.Test\KubeOps.Operator.Test.csproj", "{E2FC83BD-0ABD-4EA3-95B7-B208649B8E31}"
EndProject
Project("{FAE04EC0-301F-11D3-BF4B-00C04F79EFBC}") = "KubeOps.Generator.Test", "test\KubeOps.Generator.Test\KubeOps.Generator.Test.csproj", "{162EE2A9-F8BA-4D52-9D65-67CCDB76EAC9}"
EndProject
Project("{FAE04EC0-301F-11D3-BF4B-00C04F79EFBC}") = "KubeOps.Operator.Web", "src\KubeOps.Operator.Web\KubeOps.Operator.Web.csproj", "{E5012C55-B34E-4672-AF4C-C233B45E8EA2}"
EndProject
Project("{FAE04EC0-301F-11D3-BF4B-00C04F79EFBC}") = "KubeOps.Operator.Web.Test", "test\KubeOps.Operator.Web.Test\KubeOps.Operator.Web.Test.csproj", "{BC6E6D3C-6404-4B01-9D72-AA16FEEBFF5C}"
EndProject
Project("{FAE04EC0-301F-11D3-BF4B-00C04F79EFBC}") = "KubeOps.KubernetesClient", "src\KubeOps.KubernetesClient\KubeOps.KubernetesClient.csproj", "{C2C6FF06-2B9D-4FAC-A039-3DC1E007DE3B}"
EndProject
Project("{FAE04EC0-301F-11D3-BF4B-00C04F79EFBC}") = "KubeOps.KubernetesClient.Test", "test\KubeOps.KubernetesClient.Test\KubeOps.KubernetesClient.Test.csproj", "{25F767E5-7A74-459B-83CC-39519461F38B}"
EndProject
Project("{FAE04EC0-301F-11D3-BF4B-00C04F79EFBC}") = "WebhookOperator", "examples\WebhookOperator\WebhookOperator.csproj", "{4AD46831-1326-4711-83D0-6D7B4AF403DB}"
EndProject
Project("{FAE04EC0-301F-11D3-BF4B-00C04F79EFBC}") = "KubeOps.Transpiler", "src\KubeOps.Transpiler\KubeOps.Transpiler.csproj", "{7229B71C-C5A5-41E0-85DB-A331A945703C}"
EndProject
Project("{FAE04EC0-301F-11D3-BF4B-00C04F79EFBC}") = "KubeOps.Transpiler.Test", "test\KubeOps.Transpiler.Test\KubeOps.Transpiler.Test.csproj", "{7F7744B2-CF3F-4309-9C2D-037278017D49}"
EndProject
Global
	GlobalSection(SolutionConfigurationPlatforms) = preSolution
		Debug|Any CPU = Debug|Any CPU
		Release|Any CPU = Release|Any CPU
	EndGlobalSection
	GlobalSection(SolutionProperties) = preSolution
		HideSolutionNode = FALSE
	EndGlobalSection
	GlobalSection(NestedProjects) = preSolution
		{E9A0B04E-D90E-4B94-90E0-DD3666B098FF} = {DC760E69-D0EA-417F-AE38-B12D0B04DE39}
		{E1521548-7CAD-464D-BFD2-ECFBA3FFC7EF} = {4DB01062-6DC5-4028-BB72-C0619C2F5F2E}
		{D29A46CF-E494-4365-9BFF-0FF19AD7AA8F} = {4DB01062-6DC5-4028-BB72-C0619C2F5F2E}
		{94B40118-80EF-4226-912B-CC9AC0B69E59} = {4DB01062-6DC5-4028-BB72-C0619C2F5F2E}
		{759AE147-D4A4-44E3-914B-6CBB427D6223} = {4DB01062-6DC5-4028-BB72-C0619C2F5F2E}
		{3725E9BD-5530-4606-9C05-B825F80897E3} = {C587731F-8191-4A19-8662-B89A60FE79A1}
		{E2FC83BD-0ABD-4EA3-95B7-B208649B8E31} = {C587731F-8191-4A19-8662-B89A60FE79A1}
		{162EE2A9-F8BA-4D52-9D65-67CCDB76EAC9} = {C587731F-8191-4A19-8662-B89A60FE79A1}
		{E5012C55-B34E-4672-AF4C-C233B45E8EA2} = {4DB01062-6DC5-4028-BB72-C0619C2F5F2E}
		{BC6E6D3C-6404-4B01-9D72-AA16FEEBFF5C} = {C587731F-8191-4A19-8662-B89A60FE79A1}
		{C2C6FF06-2B9D-4FAC-A039-3DC1E007DE3B} = {4DB01062-6DC5-4028-BB72-C0619C2F5F2E}
		{25F767E5-7A74-459B-83CC-39519461F38B} = {C587731F-8191-4A19-8662-B89A60FE79A1}
		{4AD46831-1326-4711-83D0-6D7B4AF403DB} = {DC760E69-D0EA-417F-AE38-B12D0B04DE39}
		{7229B71C-C5A5-41E0-85DB-A331A945703C} = {4DB01062-6DC5-4028-BB72-C0619C2F5F2E}
		{7F7744B2-CF3F-4309-9C2D-037278017D49} = {C587731F-8191-4A19-8662-B89A60FE79A1}
	EndGlobalSection
	GlobalSection(ProjectConfigurationPlatforms) = postSolution
		{E9A0B04E-D90E-4B94-90E0-DD3666B098FF}.Debug|Any CPU.ActiveCfg = Debug|Any CPU
		{E9A0B04E-D90E-4B94-90E0-DD3666B098FF}.Debug|Any CPU.Build.0 = Debug|Any CPU
		{E9A0B04E-D90E-4B94-90E0-DD3666B098FF}.Release|Any CPU.ActiveCfg = Release|Any CPU
		{E9A0B04E-D90E-4B94-90E0-DD3666B098FF}.Release|Any CPU.Build.0 = Release|Any CPU
		{E1521548-7CAD-464D-BFD2-ECFBA3FFC7EF}.Debug|Any CPU.ActiveCfg = Debug|Any CPU
		{E1521548-7CAD-464D-BFD2-ECFBA3FFC7EF}.Debug|Any CPU.Build.0 = Debug|Any CPU
		{E1521548-7CAD-464D-BFD2-ECFBA3FFC7EF}.Release|Any CPU.ActiveCfg = Release|Any CPU
		{E1521548-7CAD-464D-BFD2-ECFBA3FFC7EF}.Release|Any CPU.Build.0 = Release|Any CPU
		{D29A46CF-E494-4365-9BFF-0FF19AD7AA8F}.Debug|Any CPU.ActiveCfg = Debug|Any CPU
		{D29A46CF-E494-4365-9BFF-0FF19AD7AA8F}.Debug|Any CPU.Build.0 = Debug|Any CPU
		{D29A46CF-E494-4365-9BFF-0FF19AD7AA8F}.Release|Any CPU.ActiveCfg = Release|Any CPU
		{D29A46CF-E494-4365-9BFF-0FF19AD7AA8F}.Release|Any CPU.Build.0 = Release|Any CPU
		{94B40118-80EF-4226-912B-CC9AC0B69E59}.Debug|Any CPU.ActiveCfg = Debug|Any CPU
		{94B40118-80EF-4226-912B-CC9AC0B69E59}.Debug|Any CPU.Build.0 = Debug|Any CPU
		{94B40118-80EF-4226-912B-CC9AC0B69E59}.Release|Any CPU.ActiveCfg = Release|Any CPU
		{94B40118-80EF-4226-912B-CC9AC0B69E59}.Release|Any CPU.Build.0 = Release|Any CPU
		{759AE147-D4A4-44E3-914B-6CBB427D6223}.Debug|Any CPU.ActiveCfg = Debug|Any CPU
		{759AE147-D4A4-44E3-914B-6CBB427D6223}.Debug|Any CPU.Build.0 = Debug|Any CPU
		{759AE147-D4A4-44E3-914B-6CBB427D6223}.Release|Any CPU.ActiveCfg = Release|Any CPU
		{759AE147-D4A4-44E3-914B-6CBB427D6223}.Release|Any CPU.Build.0 = Release|Any CPU
		{3725E9BD-5530-4606-9C05-B825F80897E3}.Debug|Any CPU.ActiveCfg = Debug|Any CPU
		{3725E9BD-5530-4606-9C05-B825F80897E3}.Debug|Any CPU.Build.0 = Debug|Any CPU
		{3725E9BD-5530-4606-9C05-B825F80897E3}.Release|Any CPU.ActiveCfg = Release|Any CPU
		{3725E9BD-5530-4606-9C05-B825F80897E3}.Release|Any CPU.Build.0 = Release|Any CPU
		{E2FC83BD-0ABD-4EA3-95B7-B208649B8E31}.Debug|Any CPU.ActiveCfg = Debug|Any CPU
		{E2FC83BD-0ABD-4EA3-95B7-B208649B8E31}.Debug|Any CPU.Build.0 = Debug|Any CPU
		{E2FC83BD-0ABD-4EA3-95B7-B208649B8E31}.Release|Any CPU.ActiveCfg = Release|Any CPU
		{E2FC83BD-0ABD-4EA3-95B7-B208649B8E31}.Release|Any CPU.Build.0 = Release|Any CPU
		{162EE2A9-F8BA-4D52-9D65-67CCDB76EAC9}.Debug|Any CPU.ActiveCfg = Debug|Any CPU
		{162EE2A9-F8BA-4D52-9D65-67CCDB76EAC9}.Debug|Any CPU.Build.0 = Debug|Any CPU
		{162EE2A9-F8BA-4D52-9D65-67CCDB76EAC9}.Release|Any CPU.ActiveCfg = Release|Any CPU
		{162EE2A9-F8BA-4D52-9D65-67CCDB76EAC9}.Release|Any CPU.Build.0 = Release|Any CPU
		{E5012C55-B34E-4672-AF4C-C233B45E8EA2}.Debug|Any CPU.ActiveCfg = Debug|Any CPU
		{E5012C55-B34E-4672-AF4C-C233B45E8EA2}.Debug|Any CPU.Build.0 = Debug|Any CPU
		{E5012C55-B34E-4672-AF4C-C233B45E8EA2}.Release|Any CPU.ActiveCfg = Release|Any CPU
		{E5012C55-B34E-4672-AF4C-C233B45E8EA2}.Release|Any CPU.Build.0 = Release|Any CPU
		{BC6E6D3C-6404-4B01-9D72-AA16FEEBFF5C}.Debug|Any CPU.ActiveCfg = Debug|Any CPU
		{BC6E6D3C-6404-4B01-9D72-AA16FEEBFF5C}.Debug|Any CPU.Build.0 = Debug|Any CPU
		{BC6E6D3C-6404-4B01-9D72-AA16FEEBFF5C}.Release|Any CPU.ActiveCfg = Release|Any CPU
		{BC6E6D3C-6404-4B01-9D72-AA16FEEBFF5C}.Release|Any CPU.Build.0 = Release|Any CPU
		{C2C6FF06-2B9D-4FAC-A039-3DC1E007DE3B}.Debug|Any CPU.ActiveCfg = Debug|Any CPU
		{C2C6FF06-2B9D-4FAC-A039-3DC1E007DE3B}.Debug|Any CPU.Build.0 = Debug|Any CPU
		{C2C6FF06-2B9D-4FAC-A039-3DC1E007DE3B}.Release|Any CPU.ActiveCfg = Release|Any CPU
		{C2C6FF06-2B9D-4FAC-A039-3DC1E007DE3B}.Release|Any CPU.Build.0 = Release|Any CPU
		{25F767E5-7A74-459B-83CC-39519461F38B}.Debug|Any CPU.ActiveCfg = Debug|Any CPU
		{25F767E5-7A74-459B-83CC-39519461F38B}.Debug|Any CPU.Build.0 = Debug|Any CPU
		{25F767E5-7A74-459B-83CC-39519461F38B}.Release|Any CPU.ActiveCfg = Release|Any CPU
		{25F767E5-7A74-459B-83CC-39519461F38B}.Release|Any CPU.Build.0 = Release|Any CPU
		{4AD46831-1326-4711-83D0-6D7B4AF403DB}.Debug|Any CPU.ActiveCfg = Debug|Any CPU
		{4AD46831-1326-4711-83D0-6D7B4AF403DB}.Debug|Any CPU.Build.0 = Debug|Any CPU
		{4AD46831-1326-4711-83D0-6D7B4AF403DB}.Release|Any CPU.ActiveCfg = Release|Any CPU
		{4AD46831-1326-4711-83D0-6D7B4AF403DB}.Release|Any CPU.Build.0 = Release|Any CPU
		{7229B71C-C5A5-41E0-85DB-A331A945703C}.Debug|Any CPU.ActiveCfg = Debug|Any CPU
		{7229B71C-C5A5-41E0-85DB-A331A945703C}.Debug|Any CPU.Build.0 = Debug|Any CPU
		{7229B71C-C5A5-41E0-85DB-A331A945703C}.Release|Any CPU.ActiveCfg = Release|Any CPU
		{7229B71C-C5A5-41E0-85DB-A331A945703C}.Release|Any CPU.Build.0 = Release|Any CPU
		{7F7744B2-CF3F-4309-9C2D-037278017D49}.Debug|Any CPU.ActiveCfg = Debug|Any CPU
		{7F7744B2-CF3F-4309-9C2D-037278017D49}.Debug|Any CPU.Build.0 = Debug|Any CPU
		{7F7744B2-CF3F-4309-9C2D-037278017D49}.Release|Any CPU.ActiveCfg = Release|Any CPU
		{7F7744B2-CF3F-4309-9C2D-037278017D49}.Release|Any CPU.Build.0 = Release|Any CPU
	EndGlobalSection
EndGlobal
